
Microsoft Visual Studio Solution File, Format Version 12.00
# Visual Studio 15
VisualStudioVersion = 15.0.27004.2006
MinimumVisualStudioVersion = 10.0.40219.1
Project("{FAE04EC0-301F-11D3-BF4B-00C04F79EFBC}") = "XComment", "XComment\XComment.csproj", "{4F5F8001-F789-433F-AB07-EA610685747F}"
EndProject
Project("{2150E333-8FDC-42A3-9474-1A3956D46DE8}") = "Solution Items", "Solution Items", "{4DB70A1B-3E66-4BE3-8F43-9337B92D6836}"
	ProjectSection(SolutionItems) = preProject
		CHANGELOG.md = CHANGELOG.md
		README.md = README.md
	EndProjectSection
EndProject
Global
	GlobalSection(SolutionConfigurationPlatforms) = preSolution
		Debug|Any CPU = Debug|Any CPU
		Release|Any CPU = Release|Any CPU
	EndGlobalSection
	GlobalSection(ProjectConfigurationPlatforms) = postSolution
		{4F5F8001-F789-433F-AB07-EA610685747F}.Debug|Any CPU.ActiveCfg = Debug|Any CPU
		{4F5F8001-F789-433F-AB07-EA610685747F}.Debug|Any CPU.Build.0 = Debug|Any CPU
		{4F5F8001-F789-433F-AB07-EA610685747F}.Release|Any CPU.ActiveCfg = Release|Any CPU
		{4F5F8001-F789-433F-AB07-EA610685747F}.Release|Any CPU.Build.0 = Release|Any CPU
	EndGlobalSection
	GlobalSection(SolutionProperties) = preSolution
		HideSolutionNode = FALSE
	EndGlobalSection
	GlobalSection(ExtensibilityGlobals) = postSolution
		SolutionGuid = {0D011C08-2F8B-41B3-BBA9-07B79D97DEB1}
	EndGlobalSection
EndGlobal
